
Microsoft Visual Studio Solution File, Format Version 12.00
# Visual Studio Version 16
VisualStudioVersion = 16.0.30717.126
MinimumVisualStudioVersion = 10.0.40219.1
Project("{FAE04EC0-301F-11D3-BF4B-00C04F79EFBC}") = "Problem2_1", "Problem2_1.csproj", "{35F4B7B2-39F7-4D0F-9FA9-322D4B2D8400}"
EndProject
Global
	GlobalSection(SolutionConfigurationPlatforms) = preSolution
		Debug|Any CPU = Debug|Any CPU
		Release|Any CPU = Release|Any CPU
	EndGlobalSection
	GlobalSection(ProjectConfigurationPlatforms) = postSolution
		{35F4B7B2-39F7-4D0F-9FA9-322D4B2D8400}.Debug|Any CPU.ActiveCfg = Debug|Any CPU
		{35F4B7B2-39F7-4D0F-9FA9-322D4B2D8400}.Debug|Any CPU.Build.0 = Debug|Any CPU
		{35F4B7B2-39F7-4D0F-9FA9-322D4B2D8400}.Release|Any CPU.ActiveCfg = Release|Any CPU
		{35F4B7B2-39F7-4D0F-9FA9-322D4B2D8400}.Release|Any CPU.Build.0 = Release|Any CPU
	EndGlobalSection
	GlobalSection(SolutionProperties) = preSolution
		HideSolutionNode = FALSE
	EndGlobalSection
	GlobalSection(ExtensibilityGlobals) = postSolution
		SolutionGuid = {37D77B45-FA9B-4A63-AB36-51B173A0D677}
	EndGlobalSection
EndGlobal
