
Microsoft Visual Studio Solution File, Format Version 12.00
# Visual Studio Version 16
VisualStudioVersion = 16.0.30717.126
MinimumVisualStudioVersion = 10.0.40219.1
Project("{FAE04EC0-301F-11D3-BF4B-00C04F79EFBC}") = "Sample206", "Sample206.csproj", "{8ED2DFA4-AA44-46AB-94EF-8D5B579AB2EC}"
EndProject
Global
	GlobalSection(SolutionConfigurationPlatforms) = preSolution
		Debug|Any CPU = Debug|Any CPU
		Release|Any CPU = Release|Any CPU
	EndGlobalSection
	GlobalSection(ProjectConfigurationPlatforms) = postSolution
		{8ED2DFA4-AA44-46AB-94EF-8D5B579AB2EC}.Debug|Any CPU.ActiveCfg = Debug|Any CPU
		{8ED2DFA4-AA44-46AB-94EF-8D5B579AB2EC}.Debug|Any CPU.Build.0 = Debug|Any CPU
		{8ED2DFA4-AA44-46AB-94EF-8D5B579AB2EC}.Release|Any CPU.ActiveCfg = Release|Any CPU
		{8ED2DFA4-AA44-46AB-94EF-8D5B579AB2EC}.Release|Any CPU.Build.0 = Release|Any CPU
	EndGlobalSection
	GlobalSection(SolutionProperties) = preSolution
		HideSolutionNode = FALSE
	EndGlobalSection
	GlobalSection(ExtensibilityGlobals) = postSolution
		SolutionGuid = {FB9027A0-0E90-441E-9859-6655C81CB243}
	EndGlobalSection
EndGlobal
