
Microsoft Visual Studio Solution File, Format Version 12.00
# Visual Studio Version 16
VisualStudioVersion = 16.0.30717.126
MinimumVisualStudioVersion = 10.0.40219.1
Project("{FAE04EC0-301F-11D3-BF4B-00C04F79EFBC}") = "Sample406", "Sample406.csproj", "{CB0BFF12-77C2-4958-B0DA-7978A0B971FB}"
EndProject
Global
	GlobalSection(SolutionConfigurationPlatforms) = preSolution
		Debug|Any CPU = Debug|Any CPU
		Release|Any CPU = Release|Any CPU
	EndGlobalSection
	GlobalSection(ProjectConfigurationPlatforms) = postSolution
		{CB0BFF12-77C2-4958-B0DA-7978A0B971FB}.Debug|Any CPU.ActiveCfg = Debug|Any CPU
		{CB0BFF12-77C2-4958-B0DA-7978A0B971FB}.Debug|Any CPU.Build.0 = Debug|Any CPU
		{CB0BFF12-77C2-4958-B0DA-7978A0B971FB}.Release|Any CPU.ActiveCfg = Release|Any CPU
		{CB0BFF12-77C2-4958-B0DA-7978A0B971FB}.Release|Any CPU.Build.0 = Release|Any CPU
	EndGlobalSection
	GlobalSection(SolutionProperties) = preSolution
		HideSolutionNode = FALSE
	EndGlobalSection
	GlobalSection(ExtensibilityGlobals) = postSolution
		SolutionGuid = {6F89F3C0-2B89-4DE4-A46A-F54B4581BDC3}
	EndGlobalSection
EndGlobal
