
Microsoft Visual Studio Solution File, Format Version 12.00
# Visual Studio Version 16
VisualStudioVersion = 16.0.30717.126
MinimumVisualStudioVersion = 10.0.40219.1
Project("{FAE04EC0-301F-11D3-BF4B-00C04F79EFBC}") = "Exercise403", "Exercise403.csproj", "{28428558-3719-4EFA-AA09-F42600DB5BD2}"
EndProject
Global
	GlobalSection(SolutionConfigurationPlatforms) = preSolution
		Debug|Any CPU = Debug|Any CPU
		Release|Any CPU = Release|Any CPU
	EndGlobalSection
	GlobalSection(ProjectConfigurationPlatforms) = postSolution
		{28428558-3719-4EFA-AA09-F42600DB5BD2}.Debug|Any CPU.ActiveCfg = Debug|Any CPU
		{28428558-3719-4EFA-AA09-F42600DB5BD2}.Debug|Any CPU.Build.0 = Debug|Any CPU
		{28428558-3719-4EFA-AA09-F42600DB5BD2}.Release|Any CPU.ActiveCfg = Release|Any CPU
		{28428558-3719-4EFA-AA09-F42600DB5BD2}.Release|Any CPU.Build.0 = Release|Any CPU
	EndGlobalSection
	GlobalSection(SolutionProperties) = preSolution
		HideSolutionNode = FALSE
	EndGlobalSection
	GlobalSection(ExtensibilityGlobals) = postSolution
		SolutionGuid = {AB982C08-E8A3-4F93-9FE2-CE132C47285F}
	EndGlobalSection
EndGlobal
